
Microsoft Visual Studio Solution File, Format Version 12.00
# Visual Studio Version 17
VisualStudioVersion = 17.10.35122.118
MinimumVisualStudioVersion = 10.0.40219.1
Project("{9A19103F-16F7-4668-BE54-9A1E7A4F7556}") = "WebServer", "WebServer\WebServer.csproj", "{69D8B5AB-56D0-4207-9334-4CFAE9011CE9}"
EndProject
Project("{9A19103F-16F7-4668-BE54-9A1E7A4F7556}") = "WebClient", "WebClient\WebClient.csproj", "{1C1796C8-8866-4FC6-B2F1-82B47229D9D7}"
EndProject
Global
	GlobalSection(SolutionConfigurationPlatforms) = preSolution
		Debug|Any CPU = Debug|Any CPU
		Release|Any CPU = Release|Any CPU
	EndGlobalSection
	GlobalSection(ProjectConfigurationPlatforms) = postSolution
		{69D8B5AB-56D0-4207-9334-4CFAE9011CE9}.Debug|Any CPU.ActiveCfg = Debug|Any CPU
		{69D8B5AB-56D0-4207-9334-4CFAE9011CE9}.Debug|Any CPU.Build.0 = Debug|Any CPU
		{69D8B5AB-56D0-4207-9334-4CFAE9011CE9}.Release|Any CPU.ActiveCfg = Release|Any CPU
		{69D8B5AB-56D0-4207-9334-4CFAE9011CE9}.Release|Any CPU.Build.0 = Release|Any CPU
		{1C1796C8-8866-4FC6-B2F1-82B47229D9D7}.Debug|Any CPU.ActiveCfg = Debug|Any CPU
		{1C1796C8-8866-4FC6-B2F1-82B47229D9D7}.Debug|Any CPU.Build.0 = Debug|Any CPU
		{1C1796C8-8866-4FC6-B2F1-82B47229D9D7}.Release|Any CPU.ActiveCfg = Release|Any CPU
		{1C1796C8-8866-4FC6-B2F1-82B47229D9D7}.Release|Any CPU.Build.0 = Release|Any CPU
	EndGlobalSection
	GlobalSection(SolutionProperties) = preSolution
		HideSolutionNode = FALSE
	EndGlobalSection
	GlobalSection(ExtensibilityGlobals) = postSolution
		SolutionGuid = {54B171E0-6140-4A30-8CE8-273DDB8624C6}
	EndGlobalSection
EndGlobal
